// !$*UTF8*$!
{
	archiveVersion = 1;
	classes = {
	};
	objectVersion = 50;
	objects = {

/* Begin PBXBuildFile section */
		A862B2282669DD4E005B52E9 /* AppDelegate.swift in Sources */ = {isa = PBXBuildFile; fileRef = A862B2272669DD4E005B52E9 /* AppDelegate.swift */; };
		A862B22A2669DD4E005B52E9 /* SceneDelegate.swift in Sources */ = {isa = PBXBuildFile; fileRef = A862B2292669DD4E005B52E9 /* SceneDelegate.swift */; };
		A862B22C2669DD4E005B52E9 /* ViewController.swift in Sources */ = {isa = PBXBuildFile; fileRef = A862B22B2669DD4E005B52E9 /* ViewController.swift */; };
		A862B2312669DD52005B52E9 /* Assets.xcassets in Resources */ = {isa = PBXBuildFile; fileRef = A862B2302669DD52005B52E9 /* Assets.xcassets */; };
		A862B2342669DD52005B52E9 /* LaunchScreen.storyboard in Resources */ = {isa = PBXBuildFile; fileRef = A862B2322669DD52005B52E9 /* LaunchScreen.storyboard */; };
		A862B23C2669DE1A005B52E9 /* TextView.swift in Sources */ = {isa = PBXBuildFile; fileRef = A862B23B2669DE1A005B52E9 /* TextView.swift */; };
		A862B23E266DD644005B52E9 /* ViewModel.swift in Sources */ = {isa = PBXBuildFile; fileRef = A862B23D266DD644005B52E9 /* ViewModel.swift */; };
		A862B240266DD68E005B52E9 /* DataSource.json in Resources */ = {isa = PBXBuildFile; fileRef = A862B23F266DD68E005B52E9 /* DataSource.json */; };
		A862B242266DD788005B52E9 /* Model.swift in Sources */ = {isa = PBXBuildFile; fileRef = A862B241266DD788005B52E9 /* Model.swift */; };
		A862B2462670A066005B52E9 /* Main.storyboard in Resources */ = {isa = PBXBuildFile; fileRef = A862B2452670A066005B52E9 /* Main.storyboard */; };
/* End PBXBuildFile section */

/* Begin PBXFileReference section */
		A862B2242669DD4E005B52E9 /* DynamicStackView.app */ = {isa = PBXFileReference; explicitFileType = wrapper.application; includeInIndex = 0; path = DynamicStackView.app; sourceTree = BUILT_PRODUCTS_DIR; };
		A862B2272669DD4E005B52E9 /* AppDelegate.swift */ = {isa = PBXFileReference; lastKnownFileType = sourcecode.swift; path = AppDelegate.swift; sourceTree = "<group>"; };
		A862B2292669DD4E005B52E9 /* SceneDelegate.swift */ = {isa = PBXFileReference; lastKnownFileType = sourcecode.swift; path = SceneDelegate.swift; sourceTree = "<group>"; };
		A862B22B2669DD4E005B52E9 /* ViewController.swift */ = {isa = PBXFileReference; lastKnownFileType = sourcecode.swift; path = ViewController.swift; sourceTree = "<group>"; };
		A862B2302669DD52005B52E9 /* Assets.xcassets */ = {isa = PBXFileReference; lastKnownFileType = folder.assetcatalog; path = Assets.xcassets; sourceTree = "<group>"; };
		A862B2332669DD52005B52E9 /* Base */ = {isa = PBXFileReference; lastKnownFileType = file.storyboard; name = Base; path = Base.lproj/LaunchScreen.storyboard; sourceTree = "<group>"; };
		A862B2352669DD52005B52E9 /* Info.plist */ = {isa = PBXFileReference; lastKnownFileType = text.plist.xml; path = Info.plist; sourceTree = "<group>"; };
		A862B23B2669DE1A005B52E9 /* TextView.swift */ = {isa = PBXFileReference; lastKnownFileType = sourcecode.swift; path = TextView.swift; sourceTree = "<group>"; };
		A862B23D266DD644005B52E9 /* ViewModel.swift */ = {isa = PBXFileReference; lastKnownFileType = sourcecode.swift; path = ViewModel.swift; sourceTree = "<group>"; };
		A862B23F266DD68E005B52E9 /* DataSource.json */ = {isa = PBXFileReference; lastKnownFileType = text.json; path = DataSource.json; sourceTree = "<group>"; };
		A862B241266DD788005B52E9 /* Model.swift */ = {isa = PBXFileReference; lastKnownFileType = sourcecode.swift; path = Model.swift; sourceTree = "<group>"; };
		A862B2452670A066005B52E9 /* Main.storyboard */ = {isa = PBXFileReference; lastKnownFileType = file.storyboard; name = Main.storyboard; path = ../Main.storyboard; sourceTree = "<group>"; };
/* End PBXFileReference section */

/* Begin PBXFrameworksBuildPhase section */
		A862B2212669DD4E005B52E9 /* Frameworks */ = {
			isa = PBXFrameworksBuildPhase;
			buildActionMask = 2147483647;
			files = (
			);
			runOnlyForDeploymentPostprocessing = 0;
		};
/* End PBXFrameworksBuildPhase section */

/* Begin PBXGroup section */
		A862B21B2669DD4E005B52E9 = {
			isa = PBXGroup;
			children = (
				A862B2262669DD4E005B52E9 /* DynamicStackView */,
				A862B2252669DD4E005B52E9 /* Products */,
			);
			sourceTree = "<group>";
		};
		A862B2252669DD4E005B52E9 /* Products */ = {
			isa = PBXGroup;
			children = (
				A862B2242669DD4E005B52E9 /* DynamicStackView.app */,
			);
			name = Products;
			sourceTree = "<group>";
		};
		A862B2262669DD4E005B52E9 /* DynamicStackView */ = {
			isa = PBXGroup;
			children = (
				A862B2272669DD4E005B52E9 /* AppDelegate.swift */,
				A862B2292669DD4E005B52E9 /* SceneDelegate.swift */,
				A862B22B2669DD4E005B52E9 /* ViewController.swift */,
				A862B23D266DD644005B52E9 /* ViewModel.swift */,
				A862B241266DD788005B52E9 /* Model.swift */,
				A862B23F266DD68E005B52E9 /* DataSource.json */,
				A862B2452670A066005B52E9 /* Main.storyboard */,
				A862B23B2669DE1A005B52E9 /* TextView.swift */,
				A862B2302669DD52005B52E9 /* Assets.xcassets */,
				A862B2322669DD52005B52E9 /* LaunchScreen.storyboard */,
				A862B2352669DD52005B52E9 /* Info.plist */,
			);
			path = DynamicStackView;
			sourceTree = "<group>";
		};
/* End PBXGroup section */

/* Begin PBXNativeTarget section */
		A862B2232669DD4E005B52E9 /* DynamicStackView */ = {
			isa = PBXNativeTarget;
			buildConfigurationList = A862B2382669DD52005B52E9 /* Build configuration list for PBXNativeTarget "DynamicStackView" */;
			buildPhases = (
				A862B2202669DD4E005B52E9 /* Sources */,
				A862B2212669DD4E005B52E9 /* Frameworks */,
				A862B2222669DD4E005B52E9 /* Resources */,
			);
			buildRules = (
			);
			dependencies = (
			);
			name = DynamicStackView;
			productName = DynamicStackView;
			productReference = A862B2242669DD4E005B52E9 /* DynamicStackView.app */;
			productType = "com.apple.product-type.application";
		};
/* End PBXNativeTarget section */

/* Begin PBXProject section */
		A862B21C2669DD4E005B52E9 /* Project object */ = {
			isa = PBXProject;
			attributes = {
				LastSwiftUpdateCheck = 1170;
				LastUpgradeCheck = 1170;
				ORGANIZATIONNAME = "Balaji U";
				TargetAttributes = {
					A862B2232669DD4E005B52E9 = {
						CreatedOnToolsVersion = 11.7;
					};
				};
			};
			buildConfigurationList = A862B21F2669DD4E005B52E9 /* Build configuration list for PBXProject "DynamicStackView" */;
			compatibilityVersion = "Xcode 9.3";
			developmentRegion = en;
			hasScannedForEncodings = 0;
			knownRegions = (
				en,
				Base,
			);
			mainGroup = A862B21B2669DD4E005B52E9;
			productRefGroup = A862B2252669DD4E005B52E9 /* Products */;
			projectDirPath = "";
			projectRoot = "";
			targets = (
				A862B2232669DD4E005B52E9 /* DynamicStackView */,
			);
		};
/* End PBXProject section */

/* Begin PBXResourcesBuildPhase section */
		A862B2222669DD4E005B52E9 /* Resources */ = {
			isa = PBXResourcesBuildPhase;
			buildActionMask = 2147483647;
			files = (
				A862B2342669DD52005B52E9 /* LaunchScreen.storyboard in Resources */,
				A862B2312669DD52005B52E9 /* Assets.xcassets in Resources */,
				A862B240266DD68E005B52E9 /* DataSource.json in Resources */,
				A862B2462670A066005B52E9 /* Main.storyboard in Resources */,
			);
			runOnlyForDeploymentPostprocessing = 0;
		};
/* End PBXResourcesBuildPhase section */

/* Begin PBXSourcesBuildPhase section */
		A862B2202669DD4E005B52E9 /* Sources */ = {
			isa = PBXSourcesBuildPhase;
			buildActionMask = 2147483647;
			files = (
				A862B23E266DD644005B52E9 /* ViewModel.swift in Sources */,
				A862B22C2669DD4E005B52E9 /* ViewController.swift in Sources */,
				A862B23C2669DE1A005B52E9 /* TextView.swift in Sources */,
				A862B242266DD788005B52E9 /* Model.swift in Sources */,
				A862B2282669DD4E005B52E9 /* AppDelegate.swift in Sources */,
				A862B22A2669DD4E005B52E9 /* SceneDelegate.swift in Sources */,
			);
			runOnlyForDeploymentPostprocessing = 0;
		};
/* End PBXSourcesBuildPhase section */

/* Begin PBXVariantGroup section */
		A862B2322669DD52005B52E9 /* LaunchScreen.storyboard */ = {
			isa = PBXVariantGroup;
			children = (
				A862B2332669DD52005B52E9 /* Base */,
			);
			name = LaunchScreen.storyboard;
			sourceTree = "<group>";
		};
/* End PBXVariantGroup section */

/* Begin XCBuildConfiguration section */
		A862B2362669DD52005B52E9 /* Debug */ = {
			isa = XCBuildConfiguration;
			buildSettings = {
				ALWAYS_SEARCH_USER_PATHS = NO;
				CLANG_ANALYZER_NONNULL = YES;
				CLANG_ANALYZER_NUMBER_OBJECT_CONVERSION = YES_AGGRESSIVE;
				CLANG_CXX_LANGUAGE_STANDARD = "gnu++14";
				CLANG_CXX_LIBRARY = "libc++";
				CLANG_ENABLE_MODULES = YES;
				CLANG_ENABLE_OBJC_ARC = YES;
				CLANG_ENABLE_OBJC_WEAK = YES;
				CLANG_WARN_BLOCK_CAPTURE_AUTORELEASING = YES;
				CLANG_WARN_BOOL_CONVERSION = YES;
				CLANG_WARN_COMMA = YES;
				CLANG_WARN_CONSTANT_CONVERSION = YES;
				CLANG_WARN_DEPRECATED_OBJC_IMPLEMENTATIONS = YES;
				CLANG_WARN_DIRECT_OBJC_ISA_USAGE = YES_ERROR;
				CLANG_WARN_DOCUMENTATION_COMMENTS = YES;
				CLANG_WARN_EMPTY_BODY = YES;
				CLANG_WARN_ENUM_CONVERSION = YES;
				CLANG_WARN_INFINITE_RECURSION = YES;
				CLANG_WARN_INT_CONVERSION = YES;
				CLANG_WARN_NON_LITERAL_NULL_CONVERSION = YES;
				CLANG_WARN_OBJC_IMPLICIT_RETAIN_SELF = YES;
				CLANG_WARN_OBJC_LITERAL_CONVERSION = YES;
				CLANG_WARN_OBJC_ROOT_CLASS = YES_ERROR;
				CLANG_WARN_RANGE_LOOP_ANALYSIS = YES;
				CLANG_WARN_STRICT_PROTOTYPES = YES;
				CLANG_WARN_SUSPICIOUS_MOVE = YES;
				CLANG_WARN_UNGUARDED_AVAILABILITY = YES_AGGRESSIVE;
				CLANG_WARN_UNREACHABLE_CODE = YES;
				CLANG_WARN__DUPLICATE_METHOD_MATCH = YES;
				COPY_PHASE_STRIP = NO;
				DEBUG_INFORMATION_FORMAT = dwarf;
				ENABLE_STRICT_OBJC_MSGSEND = YES;
				ENABLE_TESTABILITY = YES;
				GCC_C_LANGUAGE_STANDARD = gnu11;
				GCC_DYNAMIC_NO_PIC = NO;
				GCC_NO_COMMON_BLOCKS = YES;
				GCC_OPTIMIZATION_LEVEL = 0;
				GCC_PREPROCESSOR_DEFINITIONS = (
					"DEBUG=1",
					"$(inherited)",
				);
				GCC_WARN_64_TO_32_BIT_CONVERSION = YES;
				GCC_WARN_ABOUT_RETURN_TYPE = YES_ERROR;
				GCC_WARN_UNDECLARED_SELECTOR = YES;
				GCC_WARN_UNINITIALIZED_AUTOS = YES_AGGRESSIVE;
				GCC_WARN_UNUSED_FUNCTION = YES;
				GCC_WARN_UNUSED_VARIABLE = YES;
				IPHONEOS_DEPLOYMENT_TARGET = 13.7;
				MTL_ENABLE_DEBUG_INFO = INCLUDE_SOURCE;
				MTL_FAST_MATH = YES;
				ONLY_ACTIVE_ARCH = YES;
				SDKROOT = iphoneos;
				SWIFT_ACTIVE_COMPILATION_CONDITIONS = DEBUG;
				SWIFT_OPTIMIZATION_LEVEL = "-Onone";
			};
			name = Debug;
		};
		A862B2372669DD52005B52E9 /* Release */ = {
			isa = XCBuildConfiguration;
			buildSettings = {
				ALWAYS_SEARCH_USER_PATHS = NO;
				CLANG_ANALYZER_NONNULL = YES;
				CLANG_ANALYZER_NUMBER_OBJECT_CONVERSION = YES_AGGRESSIVE;
				CLANG_CXX_LANGUAGE_STANDARD = "gnu++14";
				CLANG_CXX_LIBRARY = "libc++";
				CLANG_ENABLE_MODULES = YES;
				CLANG_ENABLE_OBJC_ARC = YES;
				CLANG_ENABLE_OBJC_WEAK = YES;
				CLANG_WARN_BLOCK_CAPTURE_AUTORELEASING = YES;
				CLANG_WARN_BOOL_CONVERSION = YES;
				CLANG_WARN_COMMA = YES;
				CLANG_WARN_CONSTANT_CONVERSION = YES;
				CLANG_WARN_DEPRECATED_OBJC_IMPLEMENTATIONS = YES;
				CLANG_WARN_DIRECT_OBJC_ISA_USAGE = YES_ERROR;
				CLANG_WARN_DOCUMENTATION_COMMENTS = YES;
				CLANG_WARN_EMPTY_BODY = YES;
				CLANG_WARN_ENUM_CONVERSION = YES;
				CLANG_WARN_INFINITE_RECURSION = YES;
				CLANG_WARN_INT_CONVERSION = YES;
				CLANG_WARN_NON_LITERAL_NULL_CONVERSION = YES;
				CLANG_WARN_OBJC_IMPLICIT_RETAIN_SELF = YES;
				CLANG_WARN_OBJC_LITERAL_CONVERSION = YES;
				CLANG_WARN_OBJC_ROOT_CLASS = YES_ERROR;
				CLANG_WARN_RANGE_LOOP_ANALYSIS = YES;
				CLANG_WARN_STRICT_PROTOTYPES = YES;
				CLANG_WARN_SUSPICIOUS_MOVE = YES;
				CLANG_WARN_UNGUARDED_AVAILABILITY = YES_AGGRESSIVE;
				CLANG_WARN_UNREACHABLE_CODE = YES;
				CLANG_WARN__DUPLICATE_METHOD_MATCH = YES;
				COPY_PHASE_STRIP = NO;
				DEBUG_INFORMATION_FORMAT = "dwarf-with-dsym";
				ENABLE_NS_ASSERTIONS = NO;
				ENABLE_STRICT_OBJC_MSGSEND = YES;
				GCC_C_LANGUAGE_STANDARD = gnu11;
				GCC_NO_COMMON_BLOCKS = YES;
				GCC_WARN_64_TO_32_BIT_CONVERSION = YES;
				GCC_WARN_ABOUT_RETURN_TYPE = YES_ERROR;
				GCC_WARN_UNDECLARED_SELECTOR = YES;
				GCC_WARN_UNINITIALIZED_AUTOS = YES_AGGRESSIVE;
				GCC_WARN_UNUSED_FUNCTION = YES;
				GCC_WARN_UNUSED_VARIABLE = YES;
				IPHONEOS_DEPLOYMENT_TARGET = 13.7;
				MTL_ENABLE_DEBUG_INFO = NO;
				MTL_FAST_MATH = YES;
				SDKROOT = iphoneos;
				SWIFT_COMPILATION_MODE = wholemodule;
				SWIFT_OPTIMIZATION_LEVEL = "-O";
				VALIDATE_PRODUCT = YES;
			};
			name = Release;
		};
		A862B2392669DD52005B52E9 /* Debug */ = {
			isa = XCBuildConfiguration;
			buildSettings = {
				ASSETCATALOG_COMPILER_APPICON_NAME = AppIcon;
				CODE_SIGN_STYLE = Automatic;
				INFOPLIST_FILE = DynamicStackView/Info.plist;
				LD_RUNPATH_SEARCH_PATHS = (
					"$(inherited)",
					"@executable_path/Frameworks",
				);
				PRODUCT_BUNDLE_IDENTIFIER = com.project.DynamicStackView;
				PRODUCT_NAME = "$(TARGET_NAME)";
				SWIFT_VERSION = 5.0;
				TARGETED_DEVICE_FAMILY = "1,2";
			};
			name = Debug;
		};
		A862B23A2669DD52005B52E9 /* Release */ = {
			isa = XCBuildConfiguration;
			buildSettings = {
				ASSETCATALOG_COMPILER_APPICON_NAME = AppIcon;
				CODE_SIGN_STYLE = Automatic;
				INFOPLIST_FILE = DynamicStackView/Info.plist;
				LD_RUNPATH_SEARCH_PATHS = (
					"$(inherited)",
					"@executable_path/Frameworks",
				);
				PRODUCT_BUNDLE_IDENTIFIER = com.project.DynamicStackView;
				PRODUCT_NAME = "$(TARGET_NAME)";
				SWIFT_VERSION = 5.0;
				TARGETED_DEVICE_FAMILY = "1,2";
			};
			name = Release;
		};
/* End XCBuildConfiguration section */

/* Begin XCConfigurationList section */
		A862B21F2669DD4E005B52E9 /* Build configuration list for PBXProject "DynamicStackView" */ = {
			isa = XCConfigurationList;
			buildConfigurations = (
				A862B2362669DD52005B52E9 /* Debug */,
				A862B2372669DD52005B52E9 /* Release */,
			);
			defaultConfigurationIsVisible = 0;
			defaultConfigurationName = Release;
		};
		A862B2382669DD52005B52E9 /* Build configuration list for PBXNativeTarget "DynamicStackView" */ = {
			isa = XCConfigurationList;
			buildConfigurations = (
				A862B2392669DD52005B52E9 /* Debug */,
				A862B23A2669DD52005B52E9 /* Release */,
			);
			defaultConfigurationIsVisible = 0;
			defaultConfigurationName = Release;
		};
/* End XCConfigurationList section */
	};
	rootObject = A862B21C2669DD4E005B52E9 /* Project object */;
}
